
Microsoft Visual Studio Solution File, Format Version 12.00
# Visual Studio Version 17
VisualStudioVersion = 17.4.33110.190
MinimumVisualStudioVersion = 10.0.40219.1
Project("{FAE04EC0-301F-11D3-BF4B-00C04F79EFBC}") = "6thAssignment-NUnitTesting", "6thAssignment-NUnitTesting.csproj", "{06AA76F7-C8EE-4F59-B21E-281F2C836A46}"
EndProject
Global
	GlobalSection(SolutionConfigurationPlatforms) = preSolution
		Debug|Any CPU = Debug|Any CPU
		Release|Any CPU = Release|Any CPU
	EndGlobalSection
	GlobalSection(ProjectConfigurationPlatforms) = postSolution
		{06AA76F7-C8EE-4F59-B21E-281F2C836A46}.Debug|Any CPU.ActiveCfg = Debug|Any CPU
		{06AA76F7-C8EE-4F59-B21E-281F2C836A46}.Debug|Any CPU.Build.0 = Debug|Any CPU
		{06AA76F7-C8EE-4F59-B21E-281F2C836A46}.Release|Any CPU.ActiveCfg = Release|Any CPU
		{06AA76F7-C8EE-4F59-B21E-281F2C836A46}.Release|Any CPU.Build.0 = Release|Any CPU
	EndGlobalSection
	GlobalSection(SolutionProperties) = preSolution
		HideSolutionNode = FALSE
	EndGlobalSection
	GlobalSection(ExtensibilityGlobals) = postSolution
		SolutionGuid = {AAA8D426-6C7E-49FA-B0B2-0D70822844AF}
	EndGlobalSection
EndGlobal
